
Microsoft Visual Studio Solution File, Format Version 12.00
# Visual Studio Version 16
VisualStudioVersion = 16.0.30406.217
MinimumVisualStudioVersion = 10.0.40219.1
Project("{FAE04EC0-301F-11D3-BF4B-00C04F79EFBC}") = "tayarav2", "tayarav2\tayarav2.csproj", "{5DB717AA-0D75-4E02-ABFD-EDB6FF9DD24C}"
EndProject
Global
	GlobalSection(SolutionConfigurationPlatforms) = preSolution
		Debug|Any CPU = Debug|Any CPU
		Release|Any CPU = Release|Any CPU
	EndGlobalSection
	GlobalSection(ProjectConfigurationPlatforms) = postSolution
		{5DB717AA-0D75-4E02-ABFD-EDB6FF9DD24C}.Debug|Any CPU.ActiveCfg = Debug|Any CPU
		{5DB717AA-0D75-4E02-ABFD-EDB6FF9DD24C}.Debug|Any CPU.Build.0 = Debug|Any CPU
		{5DB717AA-0D75-4E02-ABFD-EDB6FF9DD24C}.Release|Any CPU.ActiveCfg = Release|Any CPU
		{5DB717AA-0D75-4E02-ABFD-EDB6FF9DD24C}.Release|Any CPU.Build.0 = Release|Any CPU
	EndGlobalSection
	GlobalSection(SolutionProperties) = preSolution
		HideSolutionNode = FALSE
	EndGlobalSection
	GlobalSection(ExtensibilityGlobals) = postSolution
		SolutionGuid = {6462BAA5-41FB-498F-880A-51A9576487C5}
	EndGlobalSection
EndGlobal
